
Microsoft Visual Studio Solution File, Format Version 12.00
# Visual Studio Version 17
VisualStudioVersion = 17.13.35931.197
MinimumVisualStudioVersion = 10.0.40219.1
Project("{FAE04EC0-301F-11D3-BF4B-00C04F79EFBC}") = "HW_CPS_HseShop", "HW_CPS_HseShop\HW_CPS_HseShop.csproj", "{1A3481EE-9878-4FA6-A1F1-B8B271025ED3}"
EndProject
Project("{2150E333-8FDC-42A3-9474-1A3956D46DE8}") = "PaymentsService", "PaymentsService", "{36D591C7-65C7-A0D1-1CBC-10CDE441BDC8}"
EndProject
Project("{FAE04EC0-301F-11D3-BF4B-00C04F79EFBC}") = "PaymentsService.Entities", "PaymentsService.Entities\PaymentsService.Entities.csproj", "{3374DB63-432F-40D0-95FB-284178E2C3EE}"
EndProject
Project("{FAE04EC0-301F-11D3-BF4B-00C04F79EFBC}") = "PaymentsService.UseCases", "PaymentsService.UseCases\PaymentsService.UseCases.csproj", "{A55EBB7B-8216-4D81-9A51-47EBD4EE4378}"
EndProject
Project("{FAE04EC0-301F-11D3-BF4B-00C04F79EFBC}") = "PaymentsService.Infrastructure", "PaymentsService.Infrastructure\PaymentsService.Infrastructure.csproj", "{7957CB0F-73A4-40C7-A843-F142D0085F4D}"
EndProject
Project("{FAE04EC0-301F-11D3-BF4B-00C04F79EFBC}") = "PaymentsService.Web", "PaymentsService.Web\PaymentsService.Web.csproj", "{95958567-20D8-461E-8522-00C824A4A333}"
EndProject
Project("{2150E333-8FDC-42A3-9474-1A3956D46DE8}") = "OrdersService", "OrdersService", "{F9F5DF45-B9A5-4FBE-8DAB-AFF8BB414A75}"
EndProject
Project("{FAE04EC0-301F-11D3-BF4B-00C04F79EFBC}") = "OrdersService.Entities", "OrdersService.Entities\OrdersService.Entities.csproj", "{FC0629A8-43EE-4B56-BA4F-3D37436496C4}"
EndProject
Project("{FAE04EC0-301F-11D3-BF4B-00C04F79EFBC}") = "OrdersService.UseCases", "OrdersService.UseCases\OrdersService.UseCases.csproj", "{0DE78EB5-4B77-49D2-9E81-7729046D2752}"
EndProject
Project("{FAE04EC0-301F-11D3-BF4B-00C04F79EFBC}") = "OrdersService.Infrastructure", "OrdersService.Infrastructure\OrdersService.Infrastructure.csproj", "{F62EBBF2-A8C8-41AB-B624-EEE0979E8171}"
EndProject
Project("{FAE04EC0-301F-11D3-BF4B-00C04F79EFBC}") = "OrdersService.Web", "OrdersService.Web\OrdersService.Web.csproj", "{1E9C244A-925B-4EEC-A6CD-FC311A097632}"
EndProject
Global
	GlobalSection(SolutionConfigurationPlatforms) = preSolution
		Debug|Any CPU = Debug|Any CPU
		Release|Any CPU = Release|Any CPU
	EndGlobalSection
	GlobalSection(ProjectConfigurationPlatforms) = postSolution
		{1A3481EE-9878-4FA6-A1F1-B8B271025ED3}.Debug|Any CPU.ActiveCfg = Debug|Any CPU
		{1A3481EE-9878-4FA6-A1F1-B8B271025ED3}.Debug|Any CPU.Build.0 = Debug|Any CPU
		{1A3481EE-9878-4FA6-A1F1-B8B271025ED3}.Release|Any CPU.ActiveCfg = Release|Any CPU
		{1A3481EE-9878-4FA6-A1F1-B8B271025ED3}.Release|Any CPU.Build.0 = Release|Any CPU
		{3374DB63-432F-40D0-95FB-284178E2C3EE}.Debug|Any CPU.ActiveCfg = Debug|Any CPU
		{3374DB63-432F-40D0-95FB-284178E2C3EE}.Debug|Any CPU.Build.0 = Debug|Any CPU
		{3374DB63-432F-40D0-95FB-284178E2C3EE}.Release|Any CPU.ActiveCfg = Release|Any CPU
		{3374DB63-432F-40D0-95FB-284178E2C3EE}.Release|Any CPU.Build.0 = Release|Any CPU
		{A55EBB7B-8216-4D81-9A51-47EBD4EE4378}.Debug|Any CPU.ActiveCfg = Debug|Any CPU
		{A55EBB7B-8216-4D81-9A51-47EBD4EE4378}.Debug|Any CPU.Build.0 = Debug|Any CPU
		{A55EBB7B-8216-4D81-9A51-47EBD4EE4378}.Release|Any CPU.ActiveCfg = Release|Any CPU
		{A55EBB7B-8216-4D81-9A51-47EBD4EE4378}.Release|Any CPU.Build.0 = Release|Any CPU
		{7957CB0F-73A4-40C7-A843-F142D0085F4D}.Debug|Any CPU.ActiveCfg = Debug|Any CPU
		{7957CB0F-73A4-40C7-A843-F142D0085F4D}.Debug|Any CPU.Build.0 = Debug|Any CPU
		{7957CB0F-73A4-40C7-A843-F142D0085F4D}.Release|Any CPU.ActiveCfg = Release|Any CPU
		{7957CB0F-73A4-40C7-A843-F142D0085F4D}.Release|Any CPU.Build.0 = Release|Any CPU
		{95958567-20D8-461E-8522-00C824A4A333}.Debug|Any CPU.ActiveCfg = Debug|Any CPU
		{95958567-20D8-461E-8522-00C824A4A333}.Debug|Any CPU.Build.0 = Debug|Any CPU
		{95958567-20D8-461E-8522-00C824A4A333}.Release|Any CPU.ActiveCfg = Release|Any CPU
		{95958567-20D8-461E-8522-00C824A4A333}.Release|Any CPU.Build.0 = Release|Any CPU
		{FC0629A8-43EE-4B56-BA4F-3D37436496C4}.Debug|Any CPU.ActiveCfg = Debug|Any CPU
		{FC0629A8-43EE-4B56-BA4F-3D37436496C4}.Debug|Any CPU.Build.0 = Debug|Any CPU
		{FC0629A8-43EE-4B56-BA4F-3D37436496C4}.Release|Any CPU.ActiveCfg = Release|Any CPU
		{FC0629A8-43EE-4B56-BA4F-3D37436496C4}.Release|Any CPU.Build.0 = Release|Any CPU
		{0DE78EB5-4B77-49D2-9E81-7729046D2752}.Debug|Any CPU.ActiveCfg = Debug|Any CPU
		{0DE78EB5-4B77-49D2-9E81-7729046D2752}.Debug|Any CPU.Build.0 = Debug|Any CPU
		{0DE78EB5-4B77-49D2-9E81-7729046D2752}.Release|Any CPU.ActiveCfg = Release|Any CPU
		{0DE78EB5-4B77-49D2-9E81-7729046D2752}.Release|Any CPU.Build.0 = Release|Any CPU
		{F62EBBF2-A8C8-41AB-B624-EEE0979E8171}.Debug|Any CPU.ActiveCfg = Debug|Any CPU
		{F62EBBF2-A8C8-41AB-B624-EEE0979E8171}.Debug|Any CPU.Build.0 = Debug|Any CPU
		{F62EBBF2-A8C8-41AB-B624-EEE0979E8171}.Release|Any CPU.ActiveCfg = Release|Any CPU
		{F62EBBF2-A8C8-41AB-B624-EEE0979E8171}.Release|Any CPU.Build.0 = Release|Any CPU
		{1E9C244A-925B-4EEC-A6CD-FC311A097632}.Debug|Any CPU.ActiveCfg = Debug|Any CPU
		{1E9C244A-925B-4EEC-A6CD-FC311A097632}.Debug|Any CPU.Build.0 = Debug|Any CPU
		{1E9C244A-925B-4EEC-A6CD-FC311A097632}.Release|Any CPU.ActiveCfg = Release|Any CPU
		{1E9C244A-925B-4EEC-A6CD-FC311A097632}.Release|Any CPU.Build.0 = Release|Any CPU
	EndGlobalSection
	GlobalSection(SolutionProperties) = preSolution
		HideSolutionNode = FALSE
	EndGlobalSection
	GlobalSection(NestedProjects) = preSolution
		{3374DB63-432F-40D0-95FB-284178E2C3EE} = {36D591C7-65C7-A0D1-1CBC-10CDE441BDC8}
		{A55EBB7B-8216-4D81-9A51-47EBD4EE4378} = {36D591C7-65C7-A0D1-1CBC-10CDE441BDC8}
		{7957CB0F-73A4-40C7-A843-F142D0085F4D} = {36D591C7-65C7-A0D1-1CBC-10CDE441BDC8}
		{95958567-20D8-461E-8522-00C824A4A333} = {36D591C7-65C7-A0D1-1CBC-10CDE441BDC8}
		{FC0629A8-43EE-4B56-BA4F-3D37436496C4} = {F9F5DF45-B9A5-4FBE-8DAB-AFF8BB414A75}
		{0DE78EB5-4B77-49D2-9E81-7729046D2752} = {F9F5DF45-B9A5-4FBE-8DAB-AFF8BB414A75}
		{F62EBBF2-A8C8-41AB-B624-EEE0979E8171} = {F9F5DF45-B9A5-4FBE-8DAB-AFF8BB414A75}
		{1E9C244A-925B-4EEC-A6CD-FC311A097632} = {F9F5DF45-B9A5-4FBE-8DAB-AFF8BB414A75}
	EndGlobalSection
	GlobalSection(ExtensibilityGlobals) = postSolution
		SolutionGuid = {2D37B8E0-C05E-4EBE-8275-7530A2CEE87B}
	EndGlobalSection
EndGlobal
