
Microsoft Visual Studio Solution File, Format Version 12.00
# Visual Studio Version 17
VisualStudioVersion = 17.7.34031.279
MinimumVisualStudioVersion = 10.0.40219.1
Project("{FAE04EC0-301F-11D3-BF4B-00C04F79EFBC}") = "MainProgram", "MainProgram\MainProgram.csproj", "{4E622482-3B4E-460F-92E2-077EF310402D}"
EndProject
Project("{FAE04EC0-301F-11D3-BF4B-00C04F79EFBC}") = "ClassLibrary", "ClassLibrary\ClassLibrary.csproj", "{FDCDFC85-C785-4207-B532-522783CDEE6E}"
EndProject
Global
	GlobalSection(SolutionConfigurationPlatforms) = preSolution
		Debug|Any CPU = Debug|Any CPU
		Release|Any CPU = Release|Any CPU
	EndGlobalSection
	GlobalSection(ProjectConfigurationPlatforms) = postSolution
		{4E622482-3B4E-460F-92E2-077EF310402D}.Debug|Any CPU.ActiveCfg = Debug|Any CPU
		{4E622482-3B4E-460F-92E2-077EF310402D}.Debug|Any CPU.Build.0 = Debug|Any CPU
		{4E622482-3B4E-460F-92E2-077EF310402D}.Release|Any CPU.ActiveCfg = Release|Any CPU
		{4E622482-3B4E-460F-92E2-077EF310402D}.Release|Any CPU.Build.0 = Release|Any CPU
		{FDCDFC85-C785-4207-B532-522783CDEE6E}.Debug|Any CPU.ActiveCfg = Debug|Any CPU
		{FDCDFC85-C785-4207-B532-522783CDEE6E}.Debug|Any CPU.Build.0 = Debug|Any CPU
		{FDCDFC85-C785-4207-B532-522783CDEE6E}.Release|Any CPU.ActiveCfg = Release|Any CPU
		{FDCDFC85-C785-4207-B532-522783CDEE6E}.Release|Any CPU.Build.0 = Release|Any CPU
	EndGlobalSection
	GlobalSection(SolutionProperties) = preSolution
		HideSolutionNode = FALSE
	EndGlobalSection
	GlobalSection(ExtensibilityGlobals) = postSolution
		SolutionGuid = {06BD2A6F-8450-4E26-8782-847AB0D666C2}
	EndGlobalSection
EndGlobal
