
Microsoft Visual Studio Solution File, Format Version 12.00
# Visual Studio Version 17
VisualStudioVersion = 17.7.34031.279
MinimumVisualStudioVersion = 10.0.40219.1
Project("{FAE04EC0-301F-11D3-BF4B-00C04F79EFBC}") = "Control_3_1_31", "Control_3_1_31\Control_3_1_31.csproj", "{A69877FE-1E56-4E6A-801A-B2FA0E983CDA}"
EndProject
Project("{FAE04EC0-301F-11D3-BF4B-00C04F79EFBC}") = "PointLibrary", "PointLibrary\PointLibrary.csproj", "{1B2F6F9F-DA5D-4A18-91F9-249E7DBB2CF5}"
EndProject
Global
	GlobalSection(SolutionConfigurationPlatforms) = preSolution
		Debug|Any CPU = Debug|Any CPU
		Release|Any CPU = Release|Any CPU
	EndGlobalSection
	GlobalSection(ProjectConfigurationPlatforms) = postSolution
		{A69877FE-1E56-4E6A-801A-B2FA0E983CDA}.Debug|Any CPU.ActiveCfg = Debug|Any CPU
		{A69877FE-1E56-4E6A-801A-B2FA0E983CDA}.Debug|Any CPU.Build.0 = Debug|Any CPU
		{A69877FE-1E56-4E6A-801A-B2FA0E983CDA}.Release|Any CPU.ActiveCfg = Release|Any CPU
		{A69877FE-1E56-4E6A-801A-B2FA0E983CDA}.Release|Any CPU.Build.0 = Release|Any CPU
		{1B2F6F9F-DA5D-4A18-91F9-249E7DBB2CF5}.Debug|Any CPU.ActiveCfg = Debug|Any CPU
		{1B2F6F9F-DA5D-4A18-91F9-249E7DBB2CF5}.Debug|Any CPU.Build.0 = Debug|Any CPU
		{1B2F6F9F-DA5D-4A18-91F9-249E7DBB2CF5}.Release|Any CPU.ActiveCfg = Release|Any CPU
		{1B2F6F9F-DA5D-4A18-91F9-249E7DBB2CF5}.Release|Any CPU.Build.0 = Release|Any CPU
	EndGlobalSection
	GlobalSection(SolutionProperties) = preSolution
		HideSolutionNode = FALSE
	EndGlobalSection
	GlobalSection(ExtensibilityGlobals) = postSolution
		SolutionGuid = {2D2983BE-885B-4F34-884C-CF7B0AC84D44}
	EndGlobalSection
EndGlobal
