
Microsoft Visual Studio Solution File, Format Version 12.00
# Visual Studio Version 17
VisualStudioVersion = 17.13.35931.197 d17.13
MinimumVisualStudioVersion = 10.0.40219.1
Project("{FAE04EC0-301F-11D3-BF4B-00C04F79EFBC}") = "HW_CPS_AntiPlag", "HW_CPS_AntiPlag\HW_CPS_AntiPlag.csproj", "{7CE22568-8C0A-4C64-81ED-528F6FA39333}"
EndProject
Global
	GlobalSection(SolutionConfigurationPlatforms) = preSolution
		Debug|Any CPU = Debug|Any CPU
		Release|Any CPU = Release|Any CPU
	EndGlobalSection
	GlobalSection(ProjectConfigurationPlatforms) = postSolution
		{7CE22568-8C0A-4C64-81ED-528F6FA39333}.Debug|Any CPU.ActiveCfg = Debug|Any CPU
		{7CE22568-8C0A-4C64-81ED-528F6FA39333}.Debug|Any CPU.Build.0 = Debug|Any CPU
		{7CE22568-8C0A-4C64-81ED-528F6FA39333}.Release|Any CPU.ActiveCfg = Release|Any CPU
		{7CE22568-8C0A-4C64-81ED-528F6FA39333}.Release|Any CPU.Build.0 = Release|Any CPU
	EndGlobalSection
	GlobalSection(SolutionProperties) = preSolution
		HideSolutionNode = FALSE
	EndGlobalSection
	GlobalSection(ExtensibilityGlobals) = postSolution
		SolutionGuid = {94AEBA11-F2DC-4B5D-A876-73507DA325DB}
	EndGlobalSection
EndGlobal
