
Microsoft Visual Studio Solution File, Format Version 12.00
# Visual Studio Version 17
VisualStudioVersion = 17.7.34031.279
MinimumVisualStudioVersion = 10.0.40219.1
Project("{FAE04EC0-301F-11D3-BF4B-00C04F79EFBC}") = "TGBotTest", "TGBotTest\TGBotTest.csproj", "{63828245-F216-4FA2-A17D-E3ABC8055A19}"
EndProject
Global
	GlobalSection(SolutionConfigurationPlatforms) = preSolution
		Debug|Any CPU = Debug|Any CPU
		Release|Any CPU = Release|Any CPU
	EndGlobalSection
	GlobalSection(ProjectConfigurationPlatforms) = postSolution
		{63828245-F216-4FA2-A17D-E3ABC8055A19}.Debug|Any CPU.ActiveCfg = Debug|Any CPU
		{63828245-F216-4FA2-A17D-E3ABC8055A19}.Debug|Any CPU.Build.0 = Debug|Any CPU
		{63828245-F216-4FA2-A17D-E3ABC8055A19}.Release|Any CPU.ActiveCfg = Release|Any CPU
		{63828245-F216-4FA2-A17D-E3ABC8055A19}.Release|Any CPU.Build.0 = Release|Any CPU
	EndGlobalSection
	GlobalSection(SolutionProperties) = preSolution
		HideSolutionNode = FALSE
	EndGlobalSection
	GlobalSection(ExtensibilityGlobals) = postSolution
		SolutionGuid = {0476B41B-2365-4383-BB51-FA1B720AB1E3}
	EndGlobalSection
EndGlobal
