
Microsoft Visual Studio Solution File, Format Version 12.00
# Visual Studio Version 17
VisualStudioVersion = 17.0.31903.59
MinimumVisualStudioVersion = 10.0.40219.1
Project("{FAE04EC0-301F-11D3-BF4B-00C04F79EFBC}") = "UniversalCarShop", "UniversalCarShop\UniversalCarShop.csproj", "{4D411F70-24BC-45FC-9F00-BCAEE1238465}"
EndProject
Project("{FAE04EC0-301F-11D3-BF4B-00C04F79EFBC}") = "UniversalCarShop.Tests", "UniversalCarShop.Tests\UniversalCarShop.Tests.csproj", "{57E85AC5-87B6-490E-BAAA-6BAAC338FDC7}"
EndProject
Global
	GlobalSection(SolutionConfigurationPlatforms) = preSolution
		Debug|Any CPU = Debug|Any CPU
		Release|Any CPU = Release|Any CPU
	EndGlobalSection
	GlobalSection(ProjectConfigurationPlatforms) = postSolution
		{4D411F70-24BC-45FC-9F00-BCAEE1238465}.Debug|Any CPU.ActiveCfg = Debug|Any CPU
		{4D411F70-24BC-45FC-9F00-BCAEE1238465}.Debug|Any CPU.Build.0 = Debug|Any CPU
		{4D411F70-24BC-45FC-9F00-BCAEE1238465}.Release|Any CPU.ActiveCfg = Release|Any CPU
		{4D411F70-24BC-45FC-9F00-BCAEE1238465}.Release|Any CPU.Build.0 = Release|Any CPU
		{57E85AC5-87B6-490E-BAAA-6BAAC338FDC7}.Debug|Any CPU.ActiveCfg = Debug|Any CPU
		{57E85AC5-87B6-490E-BAAA-6BAAC338FDC7}.Debug|Any CPU.Build.0 = Debug|Any CPU
		{57E85AC5-87B6-490E-BAAA-6BAAC338FDC7}.Release|Any CPU.ActiveCfg = Release|Any CPU
		{57E85AC5-87B6-490E-BAAA-6BAAC338FDC7}.Release|Any CPU.Build.0 = Release|Any CPU
	EndGlobalSection
	GlobalSection(SolutionProperties) = preSolution
		HideSolutionNode = FALSE
	EndGlobalSection
EndGlobal
